PODS:
  - IQKeyboardManagerSwift (6.5.6)
  - Parchment (2.4.0)
  - RAMAnimatedTabBarController (5.2.0)
  - RxCocoa (4.5.0):
    - RxSwift (>= 4.4.2, ~> 4.4)
  - RxSwift (4.5.0)
  - SnapKit (5.0.1)

DEPENDENCIES:
  - IQKeyboardManagerSwift
  - Parchment (~> 2.4)
  - RAMAnimatedTabBarController
  - RxCocoa (~> 4.0)
  - RxSwift (~> 4.0)
  - SnapKit

SPEC REPOS:
  trunk:
    - IQKeyboardManagerSwift
    - Parchment
    - RAMAnimatedTabBarController
    - RxCocoa
    - RxSwift
    - SnapKit

SPEC CHECKSUMS:
  IQKeyboardManagerSwift: c7df9d2deb356c04522f5c4b7b6e4ce4d8ed94fe
  Parchment: 002785473861582385db5c6725165353c500198e
  RAMAnimatedTabBarController: 6863a386e7ae2ab227cd60aa73ab8ff56cdacfdd
  RxCocoa: cbf70265dc65a981d4ac982e513c10cf23df24a0
  RxSwift: f172070dfd1a93d70a9ab97a5a01166206e1c575
  SnapKit: 97b92857e3df3a0c71833cce143274bf6ef8e5eb

PODFILE CHECKSUM: 1159800551c387c5a3b60d260a4eada384e7005a

COCOAPODS: 1.9.3
